
Microsoft Visual Studio Solution File, Format Version 12.00
# Visual Studio Version 17
VisualStudioVersion = 17.1.32328.378
MinimumVisualStudioVersion = 10.0.40219.1
Project("{FAE04EC0-301F-11D3-BF4B-00C04F79EFBC}") = "pizza", "pizza\pizza.csproj", "{B02C3032-1AD8-4B3D-87C0-202DA97D9317}"
EndProject
Project("{2150E333-8FDC-42A3-9474-1A3956D46DE8}") = "Solution Items", "Solution Items", "{299F0F29-49B0-4E0B-B0C0-66D1F53F9305}"
EndProject
Global
	GlobalSection(SolutionConfigurationPlatforms) = preSolution
		Debug|Any CPU = Debug|Any CPU
		Release|Any CPU = Release|Any CPU
	EndGlobalSection
	GlobalSection(ProjectConfigurationPlatforms) = postSolution
		{B02C3032-1AD8-4B3D-87C0-202DA97D9317}.Debug|Any CPU.ActiveCfg = Debug|Any CPU
		{B02C3032-1AD8-4B3D-87C0-202DA97D9317}.Debug|Any CPU.Build.0 = Debug|Any CPU
		{B02C3032-1AD8-4B3D-87C0-202DA97D9317}.Release|Any CPU.ActiveCfg = Release|Any CPU
		{B02C3032-1AD8-4B3D-87C0-202DA97D9317}.Release|Any CPU.Build.0 = Release|Any CPU
	EndGlobalSection
	GlobalSection(SolutionProperties) = preSolution
		HideSolutionNode = FALSE
	EndGlobalSection
	GlobalSection(ExtensibilityGlobals) = postSolution
		SolutionGuid = {9F5D1395-4AA0-4101-8282-961F2F9F8838}
	EndGlobalSection
EndGlobal
